// !$*UTF8*$!
{
	archiveVersion = 1;
	classes = {
	};
	objectVersion = 51;
	objects = {

/* Begin PBXBuildFile section */
		88E6559223F1D4C5EC31713B /* Pods_Knot.framework in Frameworks */ = {isa = PBXBuildFile; fileRef = C0CCF2BB4FC30F125AC328A0 /* Pods_Knot.framework */; };
		C8176CDA2421265C00D1C139 /* UIImage+SolidColour.swift in Sources */ = {isa = PBXBuildFile; fileRef = C8176CD92421265C00D1C139 /* UIImage+SolidColour.swift */; };
		C8371C822418088600519346 /* AccountDetailsViewController.swift in Sources */ = {isa = PBXBuildFile; fileRef = C8371C812418088600519346 /* AccountDetailsViewController.swift */; };
		C8502E6E241AA709007A6266 /* TransactionCollectionCell.xib in Resources */ = {isa = PBXBuildFile; fileRef = C8502E6D241AA709007A6266 /* TransactionCollectionCell.xib */; };
		C8502E70241AADA2007A6266 /* TransactionCollectionCell.swift in Sources */ = {isa = PBXBuildFile; fileRef = C8502E6F241AADA2007A6266 /* TransactionCollectionCell.swift */; };
		C86AAD392418657B00168D3A /* ProfileViewModel.swift in Sources */ = {isa = PBXBuildFile; fileRef = C86AAD382418657B00168D3A /* ProfileViewModel.swift */; };
		C86D5EED24199A5300D70126 /* AccountDetailsViewModel.swift in Sources */ = {isa = PBXBuildFile; fileRef = C86D5EEC24199A5200D70126 /* AccountDetailsViewModel.swift */; };
		C86D5EEF2419A72400D70126 /* AccountBalanceCell.swift in Sources */ = {isa = PBXBuildFile; fileRef = C86D5EEE2419A72400D70126 /* AccountBalanceCell.swift */; };
		C86D5EF12419A74C00D70126 /* TransactionCell.swift in Sources */ = {isa = PBXBuildFile; fileRef = C86D5EF02419A74C00D70126 /* TransactionCell.swift */; };
		C890B974241D96390087FC3E /* Podfile in Resources */ = {isa = PBXBuildFile; fileRef = C890B973241D96390087FC3E /* Podfile */; };
		C89EDF1E24193ADF0075052D /* AccountCard.xib in Resources */ = {isa = PBXBuildFile; fileRef = C89EDF1D24193ADF0075052D /* AccountCard.xib */; };
		C89EDF2024193E460075052D /* AccountCard.swift in Sources */ = {isa = PBXBuildFile; fileRef = C89EDF1F24193E460075052D /* AccountCard.swift */; };
		C89EDF222419528C0075052D /* AccountCardViewController.swift in Sources */ = {isa = PBXBuildFile; fileRef = C89EDF212419528C0075052D /* AccountCardViewController.swift */; };
		C8B47247241F0C2D00E9A85A /* UIView+FadeAnimation.swift in Sources */ = {isa = PBXBuildFile; fileRef = C8B47246241F0C2D00E9A85A /* UIView+FadeAnimation.swift */; };
		C8B584B02420185D00DA28D9 /* BalanceChartDataSet.swift in Sources */ = {isa = PBXBuildFile; fileRef = C8B584AF2420185D00DA28D9 /* BalanceChartDataSet.swift */; };
		C8B584B224201A7500DA28D9 /* OverviewViewController+BalanceChart.swift in Sources */ = {isa = PBXBuildFile; fileRef = C8B584B124201A7500DA28D9 /* OverviewViewController+BalanceChart.swift */; };
		C8B584B424201C9100DA28D9 /* OverviewViewController+Transactions.swift in Sources */ = {isa = PBXBuildFile; fileRef = C8B584B324201C9100DA28D9 /* OverviewViewController+Transactions.swift */; };
		C8C732972420458500DDBE69 /* ChartSegmentedControl.swift in Sources */ = {isa = PBXBuildFile; fileRef = C8C732962420458500DDBE69 /* ChartSegmentedControl.swift */; };
		C8D7EA2A2416F336000195AC /* AppDelegate.swift in Sources */ = {isa = PBXBuildFile; fileRef = C8D7EA292416F336000195AC /* AppDelegate.swift */; };
		C8D7EA2C2416F336000195AC /* SceneDelegate.swift in Sources */ = {isa = PBXBuildFile; fileRef = C8D7EA2B2416F336000195AC /* SceneDelegate.swift */; };
		C8D7EA402416F5E7000195AC /* OverviewViewController.swift in Sources */ = {isa = PBXBuildFile; fileRef = C8D7EA3F2416F5E7000195AC /* OverviewViewController.swift */; };
		C8D7EA452416F5F6000195AC /* LaunchScreen.storyboard in Resources */ = {isa = PBXBuildFile; fileRef = C8D7EA422416F5F6000195AC /* LaunchScreen.storyboard */; };
		C8D7EA462416F5F6000195AC /* Assets.xcassets in Resources */ = {isa = PBXBuildFile; fileRef = C8D7EA432416F5F6000195AC /* Assets.xcassets */; };
		C8D7EA472416F5F6000195AC /* Main.storyboard in Resources */ = {isa = PBXBuildFile; fileRef = C8D7EA442416F5F6000195AC /* Main.storyboard */; };
		C8D7EA4A24171AAD000195AC /* ProfileViewController.swift in Sources */ = {isa = PBXBuildFile; fileRef = C8D7EA4924171AAD000195AC /* ProfileViewController.swift */; };
/* End PBXBuildFile section */

/* Begin PBXFileReference section */
		56A52C795C5983EB7FD2594D /* Pods-Knot.debug.xcconfig */ = {isa = PBXFileReference; includeInIndex = 1; lastKnownFileType = text.xcconfig; name = "Pods-Knot.debug.xcconfig"; path = "Target Support Files/Pods-Knot/Pods-Knot.debug.xcconfig"; sourceTree = "<group>"; };
		7B5DE0AB0712C7CB2F6E7713 /* Pods-Knot.release.xcconfig */ = {isa = PBXFileReference; includeInIndex = 1; lastKnownFileType = text.xcconfig; name = "Pods-Knot.release.xcconfig"; path = "Target Support Files/Pods-Knot/Pods-Knot.release.xcconfig"; sourceTree = "<group>"; };
		C0CCF2BB4FC30F125AC328A0 /* Pods_Knot.framework */ = {isa = PBXFileReference; explicitFileType = wrapper.framework; includeInIndex = 0; path = Pods_Knot.framework; sourceTree = BUILT_PRODUCTS_DIR; };
		C8176CD92421265C00D1C139 /* UIImage+SolidColour.swift */ = {isa = PBXFileReference; lastKnownFileType = sourcecode.swift; path = "UIImage+SolidColour.swift"; sourceTree = "<group>"; };
		C8371C812418088600519346 /* AccountDetailsViewController.swift */ = {isa = PBXFileReference; lastKnownFileType = sourcecode.swift; path = AccountDetailsViewController.swift; sourceTree = "<group>"; };
		C8502E6D241AA709007A6266 /* TransactionCollectionCell.xib */ = {isa = PBXFileReference; lastKnownFileType = file.xib; path = TransactionCollectionCell.xib; sourceTree = "<group>"; };
		C8502E6F241AADA2007A6266 /* TransactionCollectionCell.swift */ = {isa = PBXFileReference; lastKnownFileType = sourcecode.swift; path = TransactionCollectionCell.swift; sourceTree = "<group>"; };
		C86AAD382418657B00168D3A /* ProfileViewModel.swift */ = {isa = PBXFileReference; lastKnownFileType = sourcecode.swift; path = ProfileViewModel.swift; sourceTree = "<group>"; };
		C86D5EEC24199A5200D70126 /* AccountDetailsViewModel.swift */ = {isa = PBXFileReference; fileEncoding = 4; lastKnownFileType = sourcecode.swift; path = AccountDetailsViewModel.swift; sourceTree = "<group>"; };
		C86D5EEE2419A72400D70126 /* AccountBalanceCell.swift */ = {isa = PBXFileReference; lastKnownFileType = sourcecode.swift; path = AccountBalanceCell.swift; sourceTree = "<group>"; };
		C86D5EF02419A74C00D70126 /* TransactionCell.swift */ = {isa = PBXFileReference; lastKnownFileType = sourcecode.swift; path = TransactionCell.swift; sourceTree = "<group>"; };
		C890B973241D96390087FC3E /* Podfile */ = {isa = PBXFileReference; lastKnownFileType = text; path = Podfile; sourceTree = "<group>"; xcLanguageSpecificationIdentifier = xcode.lang.ruby; };
		C89EDF1D24193ADF0075052D /* AccountCard.xib */ = {isa = PBXFileReference; lastKnownFileType = file.xib; path = AccountCard.xib; sourceTree = "<group>"; };
		C89EDF1F24193E460075052D /* AccountCard.swift */ = {isa = PBXFileReference; lastKnownFileType = sourcecode.swift; path = AccountCard.swift; sourceTree = "<group>"; };
		C89EDF212419528C0075052D /* AccountCardViewController.swift */ = {isa = PBXFileReference; lastKnownFileType = sourcecode.swift; path = AccountCardViewController.swift; sourceTree = "<group>"; };
		C8B47246241F0C2D00E9A85A /* UIView+FadeAnimation.swift */ = {isa = PBXFileReference; lastKnownFileType = sourcecode.swift; path = "UIView+FadeAnimation.swift"; sourceTree = "<group>"; };
		C8B584AF2420185D00DA28D9 /* BalanceChartDataSet.swift */ = {isa = PBXFileReference; lastKnownFileType = sourcecode.swift; path = BalanceChartDataSet.swift; sourceTree = "<group>"; };
		C8B584B124201A7500DA28D9 /* OverviewViewController+BalanceChart.swift */ = {isa = PBXFileReference; lastKnownFileType = sourcecode.swift; path = "OverviewViewController+BalanceChart.swift"; sourceTree = "<group>"; };
		C8B584B324201C9100DA28D9 /* OverviewViewController+Transactions.swift */ = {isa = PBXFileReference; lastKnownFileType = sourcecode.swift; path = "OverviewViewController+Transactions.swift"; sourceTree = "<group>"; };
		C8C732962420458500DDBE69 /* ChartSegmentedControl.swift */ = {isa = PBXFileReference; lastKnownFileType = sourcecode.swift; path = ChartSegmentedControl.swift; sourceTree = "<group>"; };
		C8D7EA262416F336000195AC /* Knot.app */ = {isa = PBXFileReference; explicitFileType = wrapper.application; includeInIndex = 0; path = Knot.app; sourceTree = BUILT_PRODUCTS_DIR; };
		C8D7EA292416F336000195AC /* AppDelegate.swift */ = {isa = PBXFileReference; lastKnownFileType = sourcecode.swift; path = AppDelegate.swift; sourceTree = "<group>"; };
		C8D7EA2B2416F336000195AC /* SceneDelegate.swift */ = {isa = PBXFileReference; lastKnownFileType = sourcecode.swift; path = SceneDelegate.swift; sourceTree = "<group>"; };
		C8D7EA372416F33D000195AC /* Info.plist */ = {isa = PBXFileReference; lastKnownFileType = text.plist.xml; path = Info.plist; sourceTree = "<group>"; };
		C8D7EA3F2416F5E7000195AC /* OverviewViewController.swift */ = {isa = PBXFileReference; fileEncoding = 4; lastKnownFileType = sourcecode.swift; path = OverviewViewController.swift; sourceTree = "<group>"; };
		C8D7EA422416F5F6000195AC /* LaunchScreen.storyboard */ = {isa = PBXFileReference; fileEncoding = 4; lastKnownFileType = file.storyboard; name = LaunchScreen.storyboard; path = Knot/Resources/LaunchScreen.storyboard; sourceTree = SOURCE_ROOT; };
		C8D7EA432416F5F6000195AC /* Assets.xcassets */ = {isa = PBXFileReference; lastKnownFileType = folder.assetcatalog; path = Assets.xcassets; sourceTree = "<group>"; };
		C8D7EA442416F5F6000195AC /* Main.storyboard */ = {isa = PBXFileReference; fileEncoding = 4; lastKnownFileType = file.storyboard; path = Main.storyboard; sourceTree = "<group>"; };
		C8D7EA4924171AAD000195AC /* ProfileViewController.swift */ = {isa = PBXFileReference; lastKnownFileType = sourcecode.swift; path = ProfileViewController.swift; sourceTree = "<group>"; };
/* End PBXFileReference section */

/* Begin PBXFrameworksBuildPhase section */
		C8D7EA232416F336000195AC /* Frameworks */ = {
			isa = PBXFrameworksBuildPhase;
			buildActionMask = 2147483647;
			files = (
				88E6559223F1D4C5EC31713B /* Pods_Knot.framework in Frameworks */,
			);
			runOnlyForDeploymentPostprocessing = 0;
		};
/* End PBXFrameworksBuildPhase section */

/* Begin PBXGroup section */
		52410FFDDF7E9826645AA51D /* Pods */ = {
			isa = PBXGroup;
			children = (
				56A52C795C5983EB7FD2594D /* Pods-Knot.debug.xcconfig */,
				7B5DE0AB0712C7CB2F6E7713 /* Pods-Knot.release.xcconfig */,
			);
			path = Pods;
			sourceTree = "<group>";
		};
		BB7454907360854925E5CAF5 /* Frameworks */ = {
			isa = PBXGroup;
			children = (
				C0CCF2BB4FC30F125AC328A0 /* Pods_Knot.framework */,
			);
			name = Frameworks;
			sourceTree = "<group>";
		};
		C84BEB68241851310022D84D /* Views */ = {
			isa = PBXGroup;
			children = (
				C89EDF1F24193E460075052D /* AccountCard.swift */,
				C86D5EEE2419A72400D70126 /* AccountBalanceCell.swift */,
				C86D5EF02419A74C00D70126 /* TransactionCell.swift */,
				C8502E6F241AADA2007A6266 /* TransactionCollectionCell.swift */,
				C8C732962420458500DDBE69 /* ChartSegmentedControl.swift */,
			);
			path = Views;
			sourceTree = "<group>";
		};
		C89EDF1A241939300075052D /* Nibs */ = {
			isa = PBXGroup;
			children = (
				C89EDF1D24193ADF0075052D /* AccountCard.xib */,
				C8502E6D241AA709007A6266 /* TransactionCollectionCell.xib */,
			);
			path = Nibs;
			sourceTree = "<group>";
		};
		C8B47245241F0BD700E9A85A /* Extensions */ = {
			isa = PBXGroup;
			children = (
				C8B47246241F0C2D00E9A85A /* UIView+FadeAnimation.swift */,
				C8176CD92421265C00D1C139 /* UIImage+SolidColour.swift */,
			);
			path = Extensions;
			sourceTree = "<group>";
		};
		C8D7EA1D2416F336000195AC = {
			isa = PBXGroup;
			children = (
				C890B973241D96390087FC3E /* Podfile */,
				C8D7EA282416F336000195AC /* Knot */,
				C8D7EA272416F336000195AC /* Products */,
				52410FFDDF7E9826645AA51D /* Pods */,
				BB7454907360854925E5CAF5 /* Frameworks */,
			);
			sourceTree = "<group>";
		};
		C8D7EA272416F336000195AC /* Products */ = {
			isa = PBXGroup;
			children = (
				C8D7EA262416F336000195AC /* Knot.app */,
			);
			name = Products;
			sourceTree = "<group>";
		};
		C8D7EA282416F336000195AC /* Knot */ = {
			isa = PBXGroup;
			children = (
				C8D7EA292416F336000195AC /* AppDelegate.swift */,
				C8D7EA2B2416F336000195AC /* SceneDelegate.swift */,
				C8D7EA372416F33D000195AC /* Info.plist */,
				C8D7EA482416F5FC000195AC /* Models */,
				C8D7EA3E2416F5E7000195AC /* ViewControllers */,
				C84BEB68241851310022D84D /* Views */,
				C8D7EA412416F5F6000195AC /* Resources */,
			);
			path = Knot;
			sourceTree = "<group>";
		};
		C8D7EA3E2416F5E7000195AC /* ViewControllers */ = {
			isa = PBXGroup;
			children = (
				C8D7EA3F2416F5E7000195AC /* OverviewViewController.swift */,
				C8B584B124201A7500DA28D9 /* OverviewViewController+BalanceChart.swift */,
				C8B584B324201C9100DA28D9 /* OverviewViewController+Transactions.swift */,
				C8D7EA4924171AAD000195AC /* ProfileViewController.swift */,
				C8371C812418088600519346 /* AccountDetailsViewController.swift */,
				C89EDF212419528C0075052D /* AccountCardViewController.swift */,
			);
			path = ViewControllers;
			sourceTree = "<group>";
		};
		C8D7EA412416F5F6000195AC /* Resources */ = {
			isa = PBXGroup;
			children = (
				C8D7EA442416F5F6000195AC /* Main.storyboard */,
				C8D7EA422416F5F6000195AC /* LaunchScreen.storyboard */,
				C8D7EA432416F5F6000195AC /* Assets.xcassets */,
				C8B47245241F0BD700E9A85A /* Extensions */,
				C89EDF1A241939300075052D /* Nibs */,
			);
			path = Resources;
			sourceTree = "<group>";
		};
		C8D7EA482416F5FC000195AC /* Models */ = {
			isa = PBXGroup;
			children = (
				C86D5EEC24199A5200D70126 /* AccountDetailsViewModel.swift */,
				C86AAD382418657B00168D3A /* ProfileViewModel.swift */,
				C8B584AF2420185D00DA28D9 /* BalanceChartDataSet.swift */,
			);
			path = Models;
			sourceTree = "<group>";
		};
/* End PBXGroup section */

/* Begin PBXNativeTarget section */
		C8D7EA252416F336000195AC /* Knot */ = {
			isa = PBXNativeTarget;
			buildConfigurationList = C8D7EA3A2416F33D000195AC /* Build configuration list for PBXNativeTarget "Knot" */;
			buildPhases = (
				A617945303BAE40BC2379DD8 /* [CP] Check Pods Manifest.lock */,
				C8D7EA222416F336000195AC /* Sources */,
				C8D7EA232416F336000195AC /* Frameworks */,
				C8D7EA242416F336000195AC /* Resources */,
				21F482F9CD90A4B87BCE3F24 /* [CP] Embed Pods Frameworks */,
			);
			buildRules = (
			);
			dependencies = (
			);
			name = Knot;
			productName = Knot;
			productReference = C8D7EA262416F336000195AC /* Knot.app */;
			productType = "com.apple.product-type.application";
		};
/* End PBXNativeTarget section */

/* Begin PBXProject section */
		C8D7EA1E2416F336000195AC /* Project object */ = {
			isa = PBXProject;
			attributes = {
				LastSwiftUpdateCheck = 1130;
				LastUpgradeCheck = 1130;
				ORGANIZATIONNAME = "Jessica Huynh";
				TargetAttributes = {
					C8D7EA252416F336000195AC = {
						CreatedOnToolsVersion = 11.3.1;
					};
				};
			};
			buildConfigurationList = C8D7EA212416F336000195AC /* Build configuration list for PBXProject "Knot" */;
			compatibilityVersion = "Xcode 9.3";
			developmentRegion = en;
			hasScannedForEncodings = 0;
			knownRegions = (
				en,
				Base,
			);
			mainGroup = C8D7EA1D2416F336000195AC;
			productRefGroup = C8D7EA272416F336000195AC /* Products */;
			projectDirPath = "";
			projectRoot = "";
			targets = (
				C8D7EA252416F336000195AC /* Knot */,
			);
		};
/* End PBXProject section */

/* Begin PBXResourcesBuildPhase section */
		C8D7EA242416F336000195AC /* Resources */ = {
			isa = PBXResourcesBuildPhase;
			buildActionMask = 2147483647;
			files = (
				C8D7EA472416F5F6000195AC /* Main.storyboard in Resources */,
				C890B974241D96390087FC3E /* Podfile in Resources */,
				C8D7EA462416F5F6000195AC /* Assets.xcassets in Resources */,
				C8D7EA452416F5F6000195AC /* LaunchScreen.storyboard in Resources */,
				C89EDF1E24193ADF0075052D /* AccountCard.xib in Resources */,
				C8502E6E241AA709007A6266 /* TransactionCollectionCell.xib in Resources */,
			);
			runOnlyForDeploymentPostprocessing = 0;
		};
/* End PBXResourcesBuildPhase section */

/* Begin PBXShellScriptBuildPhase section */
		21F482F9CD90A4B87BCE3F24 /* [CP] Embed Pods Frameworks */ = {
			isa = PBXShellScriptBuildPhase;
			buildActionMask = 2147483647;
			files = (
			);
			inputFileListPaths = (
				"${PODS_ROOT}/Target Support Files/Pods-Knot/Pods-Knot-frameworks-${CONFIGURATION}-input-files.xcfilelist",
			);
			name = "[CP] Embed Pods Frameworks";
			outputFileListPaths = (
				"${PODS_ROOT}/Target Support Files/Pods-Knot/Pods-Knot-frameworks-${CONFIGURATION}-output-files.xcfilelist",
			);
			runOnlyForDeploymentPostprocessing = 0;
			shellPath = /bin/sh;
			shellScript = "\"${PODS_ROOT}/Target Support Files/Pods-Knot/Pods-Knot-frameworks.sh\"\n";
			showEnvVarsInLog = 0;
		};
		A617945303BAE40BC2379DD8 /* [CP] Check Pods Manifest.lock */ = {
			isa = PBXShellScriptBuildPhase;
			buildActionMask = 2147483647;
			files = (
			);
			inputFileListPaths = (
			);
			inputPaths = (
				"${PODS_PODFILE_DIR_PATH}/Podfile.lock",
				"${PODS_ROOT}/Manifest.lock",
			);
			name = "[CP] Check Pods Manifest.lock";
			outputFileListPaths = (
			);
			outputPaths = (
				"$(DERIVED_FILE_DIR)/Pods-Knot-checkManifestLockResult.txt",
			);
			runOnlyForDeploymentPostprocessing = 0;
			shellPath = /bin/sh;
			shellScript = "diff \"${PODS_PODFILE_DIR_PATH}/Podfile.lock\" \"${PODS_ROOT}/Manifest.lock\" > /dev/null\nif [ $? != 0 ] ; then\n    # print error to STDERR\n    echo \"error: The sandbox is not in sync with the Podfile.lock. Run 'pod install' or update your CocoaPods installation.\" >&2\n    exit 1\nfi\n# This output is used by Xcode 'outputs' to avoid re-running this script phase.\necho \"SUCCESS\" > \"${SCRIPT_OUTPUT_FILE_0}\"\n";
			showEnvVarsInLog = 0;
		};
/* End PBXShellScriptBuildPhase section */

/* Begin PBXSourcesBuildPhase section */
		C8D7EA222416F336000195AC /* Sources */ = {
			isa = PBXSourcesBuildPhase;
			buildActionMask = 2147483647;
			files = (
				C89EDF222419528C0075052D /* AccountCardViewController.swift in Sources */,
				C86D5EF12419A74C00D70126 /* TransactionCell.swift in Sources */,
				C86AAD392418657B00168D3A /* ProfileViewModel.swift in Sources */,
				C8D7EA402416F5E7000195AC /* OverviewViewController.swift in Sources */,
				C86D5EED24199A5300D70126 /* AccountDetailsViewModel.swift in Sources */,
				C8176CDA2421265C00D1C139 /* UIImage+SolidColour.swift in Sources */,
				C8D7EA2A2416F336000195AC /* AppDelegate.swift in Sources */,
				C8D7EA4A24171AAD000195AC /* ProfileViewController.swift in Sources */,
				C8C732972420458500DDBE69 /* ChartSegmentedControl.swift in Sources */,
				C86D5EEF2419A72400D70126 /* AccountBalanceCell.swift in Sources */,
				C8B584B224201A7500DA28D9 /* OverviewViewController+BalanceChart.swift in Sources */,
				C8502E70241AADA2007A6266 /* TransactionCollectionCell.swift in Sources */,
				C8371C822418088600519346 /* AccountDetailsViewController.swift in Sources */,
				C8B584B02420185D00DA28D9 /* BalanceChartDataSet.swift in Sources */,
				C8D7EA2C2416F336000195AC /* SceneDelegate.swift in Sources */,
				C8B47247241F0C2D00E9A85A /* UIView+FadeAnimation.swift in Sources */,
				C8B584B424201C9100DA28D9 /* OverviewViewController+Transactions.swift in Sources */,
				C89EDF2024193E460075052D /* AccountCard.swift in Sources */,
			);
			runOnlyForDeploymentPostprocessing = 0;
		};
/* End PBXSourcesBuildPhase section */

/* Begin XCBuildConfiguration section */
		C8D7EA382416F33D000195AC /* Debug */ = {
			isa = XCBuildConfiguration;
			buildSettings = {
				ALWAYS_SEARCH_USER_PATHS = NO;
				CLANG_ANALYZER_NONNULL = YES;
				CLANG_ANALYZER_NUMBER_OBJECT_CONVERSION = YES_AGGRESSIVE;
				CLANG_CXX_LANGUAGE_STANDARD = "gnu++14";
				CLANG_CXX_LIBRARY = "libc++";
				CLANG_ENABLE_MODULES = YES;
				CLANG_ENABLE_OBJC_ARC = YES;
				CLANG_ENABLE_OBJC_WEAK = YES;
				CLANG_WARN_BLOCK_CAPTURE_AUTORELEASING = YES;
				CLANG_WARN_BOOL_CONVERSION = YES;
				CLANG_WARN_COMMA = YES;
				CLANG_WARN_CONSTANT_CONVERSION = YES;
				CLANG_WARN_DEPRECATED_OBJC_IMPLEMENTATIONS = YES;
				CLANG_WARN_DIRECT_OBJC_ISA_USAGE = YES_ERROR;
				CLANG_WARN_DOCUMENTATION_COMMENTS = YES;
				CLANG_WARN_EMPTY_BODY = YES;
				CLANG_WARN_ENUM_CONVERSION = YES;
				CLANG_WARN_INFINITE_RECURSION = YES;
				CLANG_WARN_INT_CONVERSION = YES;
				CLANG_WARN_NON_LITERAL_NULL_CONVERSION = YES;
				CLANG_WARN_OBJC_IMPLICIT_RETAIN_SELF = YES;
				CLANG_WARN_OBJC_LITERAL_CONVERSION = YES;
				CLANG_WARN_OBJC_ROOT_CLASS = YES_ERROR;
				CLANG_WARN_RANGE_LOOP_ANALYSIS = YES;
				CLANG_WARN_STRICT_PROTOTYPES = YES;
				CLANG_WARN_SUSPICIOUS_MOVE = YES;
				CLANG_WARN_UNGUARDED_AVAILABILITY = YES_AGGRESSIVE;
				CLANG_WARN_UNREACHABLE_CODE = YES;
				CLANG_WARN__DUPLICATE_METHOD_MATCH = YES;
				COPY_PHASE_STRIP = NO;
				DEBUG_INFORMATION_FORMAT = dwarf;
				ENABLE_STRICT_OBJC_MSGSEND = YES;
				ENABLE_TESTABILITY = YES;
				GCC_C_LANGUAGE_STANDARD = gnu11;
				GCC_DYNAMIC_NO_PIC = NO;
				GCC_NO_COMMON_BLOCKS = YES;
				GCC_OPTIMIZATION_LEVEL = 0;
				GCC_PREPROCESSOR_DEFINITIONS = (
					"DEBUG=1",
					"$(inherited)",
				);
				GCC_WARN_64_TO_32_BIT_CONVERSION = YES;
				GCC_WARN_ABOUT_RETURN_TYPE = YES_ERROR;
				GCC_WARN_UNDECLARED_SELECTOR = YES;
				GCC_WARN_UNINITIALIZED_AUTOS = YES_AGGRESSIVE;
				GCC_WARN_UNUSED_FUNCTION = YES;
				GCC_WARN_UNUSED_VARIABLE = YES;
				IPHONEOS_DEPLOYMENT_TARGET = 13.2;
				MTL_ENABLE_DEBUG_INFO = INCLUDE_SOURCE;
				MTL_FAST_MATH = YES;
				ONLY_ACTIVE_ARCH = YES;
				SDKROOT = iphoneos;
				SWIFT_ACTIVE_COMPILATION_CONDITIONS = DEBUG;
				SWIFT_OPTIMIZATION_LEVEL = "-Onone";
			};
			name = Debug;
		};
		C8D7EA392416F33D000195AC /* Release */ = {
			isa = XCBuildConfiguration;
			buildSettings = {
				ALWAYS_SEARCH_USER_PATHS = NO;
				CLANG_ANALYZER_NONNULL = YES;
				CLANG_ANALYZER_NUMBER_OBJECT_CONVERSION = YES_AGGRESSIVE;
				CLANG_CXX_LANGUAGE_STANDARD = "gnu++14";
				CLANG_CXX_LIBRARY = "libc++";
				CLANG_ENABLE_MODULES = YES;
				CLANG_ENABLE_OBJC_ARC = YES;
				CLANG_ENABLE_OBJC_WEAK = YES;
				CLANG_WARN_BLOCK_CAPTURE_AUTORELEASING = YES;
				CLANG_WARN_BOOL_CONVERSION = YES;
				CLANG_WARN_COMMA = YES;
				CLANG_WARN_CONSTANT_CONVERSION = YES;
				CLANG_WARN_DEPRECATED_OBJC_IMPLEMENTATIONS = YES;
				CLANG_WARN_DIRECT_OBJC_ISA_USAGE = YES_ERROR;
				CLANG_WARN_DOCUMENTATION_COMMENTS = YES;
				CLANG_WARN_EMPTY_BODY = YES;
				CLANG_WARN_ENUM_CONVERSION = YES;
				CLANG_WARN_INFINITE_RECURSION = YES;
				CLANG_WARN_INT_CONVERSION = YES;
				CLANG_WARN_NON_LITERAL_NULL_CONVERSION = YES;
				CLANG_WARN_OBJC_IMPLICIT_RETAIN_SELF = YES;
				CLANG_WARN_OBJC_LITERAL_CONVERSION = YES;
				CLANG_WARN_OBJC_ROOT_CLASS = YES_ERROR;
				CLANG_WARN_RANGE_LOOP_ANALYSIS = YES;
				CLANG_WARN_STRICT_PROTOTYPES = YES;
				CLANG_WARN_SUSPICIOUS_MOVE = YES;
				CLANG_WARN_UNGUARDED_AVAILABILITY = YES_AGGRESSIVE;
				CLANG_WARN_UNREACHABLE_CODE = YES;
				CLANG_WARN__DUPLICATE_METHOD_MATCH = YES;
				COPY_PHASE_STRIP = NO;
				DEBUG_INFORMATION_FORMAT = "dwarf-with-dsym";
				ENABLE_NS_ASSERTIONS = NO;
				ENABLE_STRICT_OBJC_MSGSEND = YES;
				GCC_C_LANGUAGE_STANDARD = gnu11;
				GCC_NO_COMMON_BLOCKS = YES;
				GCC_WARN_64_TO_32_BIT_CONVERSION = YES;
				GCC_WARN_ABOUT_RETURN_TYPE = YES_ERROR;
				GCC_WARN_UNDECLARED_SELECTOR = YES;
				GCC_WARN_UNINITIALIZED_AUTOS = YES_AGGRESSIVE;
				GCC_WARN_UNUSED_FUNCTION = YES;
				GCC_WARN_UNUSED_VARIABLE = YES;
				IPHONEOS_DEPLOYMENT_TARGET = 13.2;
				MTL_ENABLE_DEBUG_INFO = NO;
				MTL_FAST_MATH = YES;
				SDKROOT = iphoneos;
				SWIFT_COMPILATION_MODE = wholemodule;
				SWIFT_OPTIMIZATION_LEVEL = "-O";
				VALIDATE_PRODUCT = YES;
			};
			name = Release;
		};
		C8D7EA3B2416F33D000195AC /* Debug */ = {
			isa = XCBuildConfiguration;
			baseConfigurationReference = 56A52C795C5983EB7FD2594D /* Pods-Knot.debug.xcconfig */;
			buildSettings = {
				ASSETCATALOG_COMPILER_APPICON_NAME = AppIcon;
				CODE_SIGN_STYLE = Automatic;
				DEVELOPMENT_TEAM = S89MQ55VCY;
				INFOPLIST_FILE = Knot/Info.plist;
				LD_RUNPATH_SEARCH_PATHS = (
					"$(inherited)",
					"@executable_path/Frameworks",
				);
				PRODUCT_BUNDLE_IDENTIFIER = com.JessicaHuynh.Knot;
				PRODUCT_NAME = "$(TARGET_NAME)";
				SWIFT_VERSION = 5.0;
				TARGETED_DEVICE_FAMILY = 1;
			};
			name = Debug;
		};
		C8D7EA3C2416F33D000195AC /* Release */ = {
			isa = XCBuildConfiguration;
			baseConfigurationReference = 7B5DE0AB0712C7CB2F6E7713 /* Pods-Knot.release.xcconfig */;
			buildSettings = {
				ASSETCATALOG_COMPILER_APPICON_NAME = AppIcon;
				CODE_SIGN_STYLE = Automatic;
				DEVELOPMENT_TEAM = S89MQ55VCY;
				INFOPLIST_FILE = Knot/Info.plist;
				LD_RUNPATH_SEARCH_PATHS = (
					"$(inherited)",
					"@executable_path/Frameworks",
				);
				PRODUCT_BUNDLE_IDENTIFIER = com.JessicaHuynh.Knot;
				PRODUCT_NAME = "$(TARGET_NAME)";
				SWIFT_VERSION = 5.0;
				TARGETED_DEVICE_FAMILY = 1;
			};
			name = Release;
		};
/* End XCBuildConfiguration section */

/* Begin XCConfigurationList section */
		C8D7EA212416F336000195AC /* Build configuration list for PBXProject "Knot" */ = {
			isa = XCConfigurationList;
			buildConfigurations = (
				C8D7EA382416F33D000195AC /* Debug */,
				C8D7EA392416F33D000195AC /* Release */,
			);
			defaultConfigurationIsVisible = 0;
			defaultConfigurationName = Release;
		};
		C8D7EA3A2416F33D000195AC /* Build configuration list for PBXNativeTarget "Knot" */ = {
			isa = XCConfigurationList;
			buildConfigurations = (
				C8D7EA3B2416F33D000195AC /* Debug */,
				C8D7EA3C2416F33D000195AC /* Release */,
			);
			defaultConfigurationIsVisible = 0;
			defaultConfigurationName = Release;
		};
/* End XCConfigurationList section */
	};
	rootObject = C8D7EA1E2416F336000195AC /* Project object */;
}
