// !$*UTF8*$!
{
	archiveVersion = 1;
	classes = {
	};
	objectVersion = 51;
	objects = {

/* Begin PBXBuildFile section */
		88E6559223F1D4C5EC31713B /* Pods_Knot.framework in Frameworks */ = {isa = PBXBuildFile; fileRef = C0CCF2BB4FC30F125AC328A0 /* Pods_Knot.framework */; };
		C8049826242E58E300EA61F6 /* AccountCollectionCell.xib in Resources */ = {isa = PBXBuildFile; fileRef = C8049825242E58E300EA61F6 /* AccountCollectionCell.xib */; };
		C805A8B224267DCB0091180F /* Institution.swift in Sources */ = {isa = PBXBuildFile; fileRef = C805A8B124267DCB0091180F /* Institution.swift */; };
		C805A8B42426AC900091180F /* Account.swift in Sources */ = {isa = PBXBuildFile; fileRef = C805A8B32426AC900091180F /* Account.swift */; };
		C810D44824282E6C00AEC207 /* StorageManager.swift in Sources */ = {isa = PBXBuildFile; fileRef = C810D44724282E6C00AEC207 /* StorageManager.swift */; };
		C8148D8B243E893200B2C321 /* UIColor+Adjust.swift in Sources */ = {isa = PBXBuildFile; fileRef = C8148D8A243E893200B2C321 /* UIColor+Adjust.swift */; };
		C8176CDA2421265C00D1C139 /* UIImage+SolidColour.swift in Sources */ = {isa = PBXBuildFile; fileRef = C8176CD92421265C00D1C139 /* UIImage+SolidColour.swift */; };
		C82493F7243550130093A209 /* UIImage+Base64Convert.swift in Sources */ = {isa = PBXBuildFile; fileRef = C82493F6243550130093A209 /* UIImage+Base64Convert.swift */; };
		C836F7E3242D68D000B77515 /* ReachedEndCell.xib in Resources */ = {isa = PBXBuildFile; fileRef = C836F7E2242D68D000B77515 /* ReachedEndCell.xib */; };
		C836F7E5242D691B00B77515 /* RecentTransactionsViewController.swift in Sources */ = {isa = PBXBuildFile; fileRef = C836F7E4242D691B00B77515 /* RecentTransactionsViewController.swift */; };
		C836F7E7242D6C6D00B77515 /* RecentTransactionCell.swift in Sources */ = {isa = PBXBuildFile; fileRef = C836F7E6242D6C6D00B77515 /* RecentTransactionCell.swift */; };
		C836F7E9242D7A0800B77515 /* ExchangeTokenResponse.swift in Sources */ = {isa = PBXBuildFile; fileRef = C836F7E8242D7A0800B77515 /* ExchangeTokenResponse.swift */; };
		C8371C822418088600519346 /* AccountDetailsViewController.swift in Sources */ = {isa = PBXBuildFile; fileRef = C8371C812418088600519346 /* AccountDetailsViewController.swift */; };
		C83EB0C22427D24900FC39E5 /* Balance.swift in Sources */ = {isa = PBXBuildFile; fileRef = C83EB0C12427D24900FC39E5 /* Balance.swift */; };
		C83EB0C42427F0F100FC39E5 /* Double+Currency.swift in Sources */ = {isa = PBXBuildFile; fileRef = C83EB0C32427F0F100FC39E5 /* Double+Currency.swift */; };
		C8502E6E241AA709007A6266 /* TransactionCollectionCell.xib in Resources */ = {isa = PBXBuildFile; fileRef = C8502E6D241AA709007A6266 /* TransactionCollectionCell.xib */; };
		C8502E70241AADA2007A6266 /* TransactionCollectionCell.swift in Sources */ = {isa = PBXBuildFile; fileRef = C8502E6F241AADA2007A6266 /* TransactionCollectionCell.swift */; };
		C865C6B72433E49F0094123A /* AccountFilterItem.swift in Sources */ = {isa = PBXBuildFile; fileRef = C865C6B62433E49F0094123A /* AccountFilterItem.swift */; };
		C865C6B924340CBA0094123A /* TransactionsHeaderCell.swift in Sources */ = {isa = PBXBuildFile; fileRef = C865C6B824340CBA0094123A /* TransactionsHeaderCell.swift */; };
		C865C6BB243414D50094123A /* GetInstitutionResponse.swift in Sources */ = {isa = PBXBuildFile; fileRef = C865C6BA243414D50094123A /* GetInstitutionResponse.swift */; };
		C865C6BD24341CAB0094123A /* UIColor+Hex.swift in Sources */ = {isa = PBXBuildFile; fileRef = C865C6BC24341CAA0094123A /* UIColor+Hex.swift */; };
		C86AAD392418657B00168D3A /* ProfileViewModel.swift in Sources */ = {isa = PBXBuildFile; fileRef = C86AAD382418657B00168D3A /* ProfileViewModel.swift */; };
		C86B9FAB24313DB400167CA9 /* NoSelectTextField.swift in Sources */ = {isa = PBXBuildFile; fileRef = C86B9FAA24313DB300167CA9 /* NoSelectTextField.swift */; };
		C86B9FAD243142E400167CA9 /* Date+Helpers.swift in Sources */ = {isa = PBXBuildFile; fileRef = C86B9FAC243142E400167CA9 /* Date+Helpers.swift */; };
		C86B9FAF2431435100167CA9 /* AccountDetailsViewModel+FilterTransactions.swift in Sources */ = {isa = PBXBuildFile; fileRef = C86B9FAE2431435100167CA9 /* AccountDetailsViewModel+FilterTransactions.swift */; };
		C86D5EED24199A5300D70126 /* AccountDetailsViewModel.swift in Sources */ = {isa = PBXBuildFile; fileRef = C86D5EEC24199A5200D70126 /* AccountDetailsViewModel.swift */; };
		C86D5EEF2419A72400D70126 /* AccountCell.swift in Sources */ = {isa = PBXBuildFile; fileRef = C86D5EEE2419A72400D70126 /* AccountCell.swift */; };
		C86D5EF12419A74C00D70126 /* TransactionCell.swift in Sources */ = {isa = PBXBuildFile; fileRef = C86D5EF02419A74C00D70126 /* TransactionCell.swift */; };
		C86EBF0E24296DCB00EE3E27 /* GetTransactionsResponse.swift in Sources */ = {isa = PBXBuildFile; fileRef = C86EBF0D24296DCB00EE3E27 /* GetTransactionsResponse.swift */; };
		C874DE32243E30DF00A77429 /* UITableViewCell+SelectedBackgroundView.swift in Sources */ = {isa = PBXBuildFile; fileRef = C874DE31243E30DF00A77429 /* UITableViewCell+SelectedBackgroundView.swift */; };
		C890B974241D96390087FC3E /* Podfile in Resources */ = {isa = PBXBuildFile; fileRef = C890B973241D96390087FC3E /* Podfile */; };
		C897CBE0242933BD00B2D150 /* Transaction.swift in Sources */ = {isa = PBXBuildFile; fileRef = C897CBDF242933BD00B2D150 /* Transaction.swift */; };
		C89EDF1E24193ADF0075052D /* AccountCard.xib in Resources */ = {isa = PBXBuildFile; fileRef = C89EDF1D24193ADF0075052D /* AccountCard.xib */; };
		C89EDF2024193E460075052D /* AccountCard.swift in Sources */ = {isa = PBXBuildFile; fileRef = C89EDF1F24193E460075052D /* AccountCard.swift */; };
		C89EDF222419528C0075052D /* AccountCardViewController.swift in Sources */ = {isa = PBXBuildFile; fileRef = C89EDF212419528C0075052D /* AccountCardViewController.swift */; };
		C8AE60472425864500595773 /* .gitignore in Resources */ = {isa = PBXBuildFile; fileRef = C8AE60462425864500595773 /* .gitignore */; };
		C8AE604A2425890800595773 /* PlaidAPI.swift in Sources */ = {isa = PBXBuildFile; fileRef = C8AE60492425890800595773 /* PlaidAPI.swift */; };
		C8AE604C2425899000595773 /* PlaidManager.swift in Sources */ = {isa = PBXBuildFile; fileRef = C8AE604B2425899000595773 /* PlaidManager.swift */; };
		C8AFE36D24327C420085047A /* FilterTransactionsViewController.swift in Sources */ = {isa = PBXBuildFile; fileRef = C8AFE36C24327C420085047A /* FilterTransactionsViewController.swift */; };
		C8B47247241F0C2D00E9A85A /* UIView+FadeAnimation.swift in Sources */ = {isa = PBXBuildFile; fileRef = C8B47246241F0C2D00E9A85A /* UIView+FadeAnimation.swift */; };
		C8B584B02420185D00DA28D9 /* BalanceChartDataSet.swift in Sources */ = {isa = PBXBuildFile; fileRef = C8B584AF2420185D00DA28D9 /* BalanceChartDataSet.swift */; };
		C8B584B224201A7500DA28D9 /* HomeViewController+BalanceChart.swift in Sources */ = {isa = PBXBuildFile; fileRef = C8B584B124201A7500DA28D9 /* HomeViewController+BalanceChart.swift */; };
		C8B584B424201C9100DA28D9 /* HomeViewController+Transactions.swift in Sources */ = {isa = PBXBuildFile; fileRef = C8B584B324201C9100DA28D9 /* HomeViewController+Transactions.swift */; };
		C8C24DF9243BF24400E61CEE /* UIView+SpinnerView.swift in Sources */ = {isa = PBXBuildFile; fileRef = C8C24DF8243BF24400E61CEE /* UIView+SpinnerView.swift */; };
		C8C24DFB243BF9D000E61CEE /* LoadingCell.xib in Resources */ = {isa = PBXBuildFile; fileRef = C8C24DFA243BF9D000E61CEE /* LoadingCell.xib */; };
		C8C24DFD243BFA1C00E61CEE /* LoadingCell.swift in Sources */ = {isa = PBXBuildFile; fileRef = C8C24DFC243BFA1C00E61CEE /* LoadingCell.swift */; };
		C8C732972420458500DDBE69 /* ChartSegmentedControl.swift in Sources */ = {isa = PBXBuildFile; fileRef = C8C732962420458500DDBE69 /* ChartSegmentedControl.swift */; };
		C8CF35F7243CDA1C0083C54B /* GettingStartedViewController.swift in Sources */ = {isa = PBXBuildFile; fileRef = C8CF35F6243CDA1C0083C54B /* GettingStartedViewController.swift */; };
		C8CF35F9243CDBD30083C54B /* LaunchViewController.swift in Sources */ = {isa = PBXBuildFile; fileRef = C8CF35F8243CDBD30083C54B /* LaunchViewController.swift */; };
		C8D041BB242E768000C144F3 /* AccountCollectionCell.swift in Sources */ = {isa = PBXBuildFile; fileRef = C8D041BA242E768000C144F3 /* AccountCollectionCell.swift */; };
		C8D041BD242E9C0500C144F3 /* UICollectionViewCell+DrawBorder.swift in Sources */ = {isa = PBXBuildFile; fileRef = C8D041BC242E9C0500C144F3 /* UICollectionViewCell+DrawBorder.swift */; };
		C8D041BF242E9FAA00C144F3 /* AccountDetailsViewModel+DataSources.swift in Sources */ = {isa = PBXBuildFile; fileRef = C8D041BE242E9FAA00C144F3 /* AccountDetailsViewModel+DataSources.swift */; };
		C8D041C1242EC70500C144F3 /* UIViewController+PlaidDelegate.swift in Sources */ = {isa = PBXBuildFile; fileRef = C8D041C0242EC70500C144F3 /* UIViewController+PlaidDelegate.swift */; };
		C8D7EA2A2416F336000195AC /* AppDelegate.swift in Sources */ = {isa = PBXBuildFile; fileRef = C8D7EA292416F336000195AC /* AppDelegate.swift */; };
		C8D7EA2C2416F336000195AC /* SceneDelegate.swift in Sources */ = {isa = PBXBuildFile; fileRef = C8D7EA2B2416F336000195AC /* SceneDelegate.swift */; };
		C8D7EA402416F5E7000195AC /* HomeViewController.swift in Sources */ = {isa = PBXBuildFile; fileRef = C8D7EA3F2416F5E7000195AC /* HomeViewController.swift */; };
		C8D7EA462416F5F6000195AC /* Assets.xcassets in Resources */ = {isa = PBXBuildFile; fileRef = C8D7EA432416F5F6000195AC /* Assets.xcassets */; };
		C8D7EA472416F5F6000195AC /* Main.storyboard in Resources */ = {isa = PBXBuildFile; fileRef = C8D7EA442416F5F6000195AC /* Main.storyboard */; };
		C8D7EA4A24171AAD000195AC /* ProfileViewController.swift in Sources */ = {isa = PBXBuildFile; fileRef = C8D7EA4924171AAD000195AC /* ProfileViewController.swift */; };
		C8DD46122446561800623032 /* BalanceChart.swift in Sources */ = {isa = PBXBuildFile; fileRef = C8DD46112446561800623032 /* BalanceChart.swift */; };
		C8DD461424467B4600623032 /* HomeViewController+TableViewDelegates.swift in Sources */ = {isa = PBXBuildFile; fileRef = C8DD461324467B4600623032 /* HomeViewController+TableViewDelegates.swift */; };
		C8E221E02426D758008624F9 /* GetAccountsResponse.swift in Sources */ = {isa = PBXBuildFile; fileRef = C8E221DF2426D758008624F9 /* GetAccountsResponse.swift */; };
/* End PBXBuildFile section */

/* Begin PBXFileReference section */
		56A52C795C5983EB7FD2594D /* Pods-Knot.debug.xcconfig */ = {isa = PBXFileReference; includeInIndex = 1; lastKnownFileType = text.xcconfig; name = "Pods-Knot.debug.xcconfig"; path = "Target Support Files/Pods-Knot/Pods-Knot.debug.xcconfig"; sourceTree = "<group>"; };
		7B5DE0AB0712C7CB2F6E7713 /* Pods-Knot.release.xcconfig */ = {isa = PBXFileReference; includeInIndex = 1; lastKnownFileType = text.xcconfig; name = "Pods-Knot.release.xcconfig"; path = "Target Support Files/Pods-Knot/Pods-Knot.release.xcconfig"; sourceTree = "<group>"; };
		C0CCF2BB4FC30F125AC328A0 /* Pods_Knot.framework */ = {isa = PBXFileReference; explicitFileType = wrapper.framework; includeInIndex = 0; path = Pods_Knot.framework; sourceTree = BUILT_PRODUCTS_DIR; };
		C8049825242E58E300EA61F6 /* AccountCollectionCell.xib */ = {isa = PBXFileReference; lastKnownFileType = file.xib; path = AccountCollectionCell.xib; sourceTree = "<group>"; };
		C805A8B124267DCB0091180F /* Institution.swift */ = {isa = PBXFileReference; lastKnownFileType = sourcecode.swift; path = Institution.swift; sourceTree = "<group>"; };
		C805A8B32426AC900091180F /* Account.swift */ = {isa = PBXFileReference; lastKnownFileType = sourcecode.swift; path = Account.swift; sourceTree = "<group>"; };
		C810D44724282E6C00AEC207 /* StorageManager.swift */ = {isa = PBXFileReference; lastKnownFileType = sourcecode.swift; path = StorageManager.swift; sourceTree = "<group>"; };
		C8148D8A243E893200B2C321 /* UIColor+Adjust.swift */ = {isa = PBXFileReference; lastKnownFileType = sourcecode.swift; path = "UIColor+Adjust.swift"; sourceTree = "<group>"; };
		C8176CD92421265C00D1C139 /* UIImage+SolidColour.swift */ = {isa = PBXFileReference; lastKnownFileType = sourcecode.swift; path = "UIImage+SolidColour.swift"; sourceTree = "<group>"; };
		C81EA12A2449FA4F008E5E12 /* Screenshots.png */ = {isa = PBXFileReference; lastKnownFileType = image.png; path = Screenshots.png; sourceTree = "<group>"; };
		C82493F6243550130093A209 /* UIImage+Base64Convert.swift */ = {isa = PBXFileReference; lastKnownFileType = sourcecode.swift; path = "UIImage+Base64Convert.swift"; sourceTree = "<group>"; };
		C836F7E2242D68D000B77515 /* ReachedEndCell.xib */ = {isa = PBXFileReference; lastKnownFileType = file.xib; path = ReachedEndCell.xib; sourceTree = "<group>"; };
		C836F7E4242D691B00B77515 /* RecentTransactionsViewController.swift */ = {isa = PBXFileReference; lastKnownFileType = sourcecode.swift; path = RecentTransactionsViewController.swift; sourceTree = "<group>"; };
		C836F7E6242D6C6D00B77515 /* RecentTransactionCell.swift */ = {isa = PBXFileReference; fileEncoding = 4; lastKnownFileType = sourcecode.swift; path = RecentTransactionCell.swift; sourceTree = "<group>"; };
		C836F7E8242D7A0800B77515 /* ExchangeTokenResponse.swift */ = {isa = PBXFileReference; fileEncoding = 4; lastKnownFileType = sourcecode.swift; path = ExchangeTokenResponse.swift; sourceTree = "<group>"; };
		C8371C812418088600519346 /* AccountDetailsViewController.swift */ = {isa = PBXFileReference; lastKnownFileType = sourcecode.swift; path = AccountDetailsViewController.swift; sourceTree = "<group>"; };
		C83EB0C12427D24900FC39E5 /* Balance.swift */ = {isa = PBXFileReference; lastKnownFileType = sourcecode.swift; path = Balance.swift; sourceTree = "<group>"; };
		C83EB0C32427F0F100FC39E5 /* Double+Currency.swift */ = {isa = PBXFileReference; lastKnownFileType = sourcecode.swift; path = "Double+Currency.swift"; sourceTree = "<group>"; };
		C8502E6D241AA709007A6266 /* TransactionCollectionCell.xib */ = {isa = PBXFileReference; lastKnownFileType = file.xib; path = TransactionCollectionCell.xib; sourceTree = "<group>"; };
		C8502E6F241AADA2007A6266 /* TransactionCollectionCell.swift */ = {isa = PBXFileReference; lastKnownFileType = sourcecode.swift; path = TransactionCollectionCell.swift; sourceTree = "<group>"; };
		C865C6B62433E49F0094123A /* AccountFilterItem.swift */ = {isa = PBXFileReference; lastKnownFileType = sourcecode.swift; path = AccountFilterItem.swift; sourceTree = "<group>"; };
		C865C6B824340CBA0094123A /* TransactionsHeaderCell.swift */ = {isa = PBXFileReference; fileEncoding = 4; lastKnownFileType = sourcecode.swift; path = TransactionsHeaderCell.swift; sourceTree = "<group>"; };
		C865C6BA243414D50094123A /* GetInstitutionResponse.swift */ = {isa = PBXFileReference; lastKnownFileType = sourcecode.swift; path = GetInstitutionResponse.swift; sourceTree = "<group>"; };
		C865C6BC24341CAA0094123A /* UIColor+Hex.swift */ = {isa = PBXFileReference; lastKnownFileType = sourcecode.swift; path = "UIColor+Hex.swift"; sourceTree = "<group>"; };
		C86AAD382418657B00168D3A /* ProfileViewModel.swift */ = {isa = PBXFileReference; lastKnownFileType = sourcecode.swift; path = ProfileViewModel.swift; sourceTree = "<group>"; };
		C86B9FAA24313DB300167CA9 /* NoSelectTextField.swift */ = {isa = PBXFileReference; lastKnownFileType = sourcecode.swift; path = NoSelectTextField.swift; sourceTree = "<group>"; };
		C86B9FAC243142E400167CA9 /* Date+Helpers.swift */ = {isa = PBXFileReference; lastKnownFileType = sourcecode.swift; path = "Date+Helpers.swift"; sourceTree = "<group>"; };
		C86B9FAE2431435100167CA9 /* AccountDetailsViewModel+FilterTransactions.swift */ = {isa = PBXFileReference; lastKnownFileType = sourcecode.swift; path = "AccountDetailsViewModel+FilterTransactions.swift"; sourceTree = "<group>"; };
		C86D5EEC24199A5200D70126 /* AccountDetailsViewModel.swift */ = {isa = PBXFileReference; fileEncoding = 4; lastKnownFileType = sourcecode.swift; path = AccountDetailsViewModel.swift; sourceTree = "<group>"; };
		C86D5EEE2419A72400D70126 /* AccountCell.swift */ = {isa = PBXFileReference; lastKnownFileType = sourcecode.swift; path = AccountCell.swift; sourceTree = "<group>"; };
		C86D5EF02419A74C00D70126 /* TransactionCell.swift */ = {isa = PBXFileReference; lastKnownFileType = sourcecode.swift; path = TransactionCell.swift; sourceTree = "<group>"; };
		C86EBF0D24296DCB00EE3E27 /* GetTransactionsResponse.swift */ = {isa = PBXFileReference; lastKnownFileType = sourcecode.swift; path = GetTransactionsResponse.swift; sourceTree = "<group>"; };
		C874DE31243E30DF00A77429 /* UITableViewCell+SelectedBackgroundView.swift */ = {isa = PBXFileReference; lastKnownFileType = sourcecode.swift; path = "UITableViewCell+SelectedBackgroundView.swift"; sourceTree = "<group>"; };
		C890B973241D96390087FC3E /* Podfile */ = {isa = PBXFileReference; lastKnownFileType = text; path = Podfile; sourceTree = "<group>"; xcLanguageSpecificationIdentifier = xcode.lang.ruby; };
		C897CBDF242933BD00B2D150 /* Transaction.swift */ = {isa = PBXFileReference; lastKnownFileType = sourcecode.swift; path = Transaction.swift; sourceTree = "<group>"; };
		C89EDF1D24193ADF0075052D /* AccountCard.xib */ = {isa = PBXFileReference; lastKnownFileType = file.xib; path = AccountCard.xib; sourceTree = "<group>"; };
		C89EDF1F24193E460075052D /* AccountCard.swift */ = {isa = PBXFileReference; lastKnownFileType = sourcecode.swift; path = AccountCard.swift; sourceTree = "<group>"; };
		C89EDF212419528C0075052D /* AccountCardViewController.swift */ = {isa = PBXFileReference; lastKnownFileType = sourcecode.swift; path = AccountCardViewController.swift; sourceTree = "<group>"; };
		C8AE60462425864500595773 /* .gitignore */ = {isa = PBXFileReference; lastKnownFileType = text; path = .gitignore; sourceTree = "<group>"; };
		C8AE60492425890800595773 /* PlaidAPI.swift */ = {isa = PBXFileReference; lastKnownFileType = sourcecode.swift; path = PlaidAPI.swift; sourceTree = "<group>"; };
		C8AE604B2425899000595773 /* PlaidManager.swift */ = {isa = PBXFileReference; lastKnownFileType = sourcecode.swift; path = PlaidManager.swift; sourceTree = "<group>"; };
		C8AFE36C24327C420085047A /* FilterTransactionsViewController.swift */ = {isa = PBXFileReference; lastKnownFileType = sourcecode.swift; path = FilterTransactionsViewController.swift; sourceTree = "<group>"; };
		C8B47246241F0C2D00E9A85A /* UIView+FadeAnimation.swift */ = {isa = PBXFileReference; lastKnownFileType = sourcecode.swift; path = "UIView+FadeAnimation.swift"; sourceTree = "<group>"; };
		C8B584AF2420185D00DA28D9 /* BalanceChartDataSet.swift */ = {isa = PBXFileReference; lastKnownFileType = sourcecode.swift; path = BalanceChartDataSet.swift; sourceTree = "<group>"; };
		C8B584B124201A7500DA28D9 /* HomeViewController+BalanceChart.swift */ = {isa = PBXFileReference; lastKnownFileType = sourcecode.swift; path = "HomeViewController+BalanceChart.swift"; sourceTree = "<group>"; };
		C8B584B324201C9100DA28D9 /* HomeViewController+Transactions.swift */ = {isa = PBXFileReference; lastKnownFileType = sourcecode.swift; path = "HomeViewController+Transactions.swift"; sourceTree = "<group>"; };
		C8C24DF8243BF24400E61CEE /* UIView+SpinnerView.swift */ = {isa = PBXFileReference; lastKnownFileType = sourcecode.swift; path = "UIView+SpinnerView.swift"; sourceTree = "<group>"; };
		C8C24DFA243BF9D000E61CEE /* LoadingCell.xib */ = {isa = PBXFileReference; lastKnownFileType = file.xib; path = LoadingCell.xib; sourceTree = "<group>"; };
		C8C24DFC243BFA1C00E61CEE /* LoadingCell.swift */ = {isa = PBXFileReference; lastKnownFileType = sourcecode.swift; path = LoadingCell.swift; sourceTree = "<group>"; };
		C8C732962420458500DDBE69 /* ChartSegmentedControl.swift */ = {isa = PBXFileReference; lastKnownFileType = sourcecode.swift; path = ChartSegmentedControl.swift; sourceTree = "<group>"; };
		C8CF35F6243CDA1C0083C54B /* GettingStartedViewController.swift */ = {isa = PBXFileReference; lastKnownFileType = sourcecode.swift; path = GettingStartedViewController.swift; sourceTree = "<group>"; };
		C8CF35F8243CDBD30083C54B /* LaunchViewController.swift */ = {isa = PBXFileReference; lastKnownFileType = sourcecode.swift; path = LaunchViewController.swift; sourceTree = "<group>"; };
		C8D041BA242E768000C144F3 /* AccountCollectionCell.swift */ = {isa = PBXFileReference; lastKnownFileType = sourcecode.swift; path = AccountCollectionCell.swift; sourceTree = "<group>"; };
		C8D041BC242E9C0500C144F3 /* UICollectionViewCell+DrawBorder.swift */ = {isa = PBXFileReference; lastKnownFileType = sourcecode.swift; path = "UICollectionViewCell+DrawBorder.swift"; sourceTree = "<group>"; };
		C8D041BE242E9FAA00C144F3 /* AccountDetailsViewModel+DataSources.swift */ = {isa = PBXFileReference; lastKnownFileType = sourcecode.swift; path = "AccountDetailsViewModel+DataSources.swift"; sourceTree = "<group>"; };
		C8D041C0242EC70500C144F3 /* UIViewController+PlaidDelegate.swift */ = {isa = PBXFileReference; lastKnownFileType = sourcecode.swift; path = "UIViewController+PlaidDelegate.swift"; sourceTree = "<group>"; };
		C8D7EA262416F336000195AC /* Knot.app */ = {isa = PBXFileReference; explicitFileType = wrapper.application; includeInIndex = 0; path = Knot.app; sourceTree = BUILT_PRODUCTS_DIR; };
		C8D7EA292416F336000195AC /* AppDelegate.swift */ = {isa = PBXFileReference; lastKnownFileType = sourcecode.swift; path = AppDelegate.swift; sourceTree = "<group>"; };
		C8D7EA2B2416F336000195AC /* SceneDelegate.swift */ = {isa = PBXFileReference; lastKnownFileType = sourcecode.swift; path = SceneDelegate.swift; sourceTree = "<group>"; };
		C8D7EA372416F33D000195AC /* Info.plist */ = {isa = PBXFileReference; lastKnownFileType = text.plist.xml; path = Info.plist; sourceTree = "<group>"; };
		C8D7EA3F2416F5E7000195AC /* HomeViewController.swift */ = {isa = PBXFileReference; fileEncoding = 4; lastKnownFileType = sourcecode.swift; path = HomeViewController.swift; sourceTree = "<group>"; };
		C8D7EA432416F5F6000195AC /* Assets.xcassets */ = {isa = PBXFileReference; lastKnownFileType = folder.assetcatalog; path = Assets.xcassets; sourceTree = "<group>"; };
		C8D7EA442416F5F6000195AC /* Main.storyboard */ = {isa = PBXFileReference; fileEncoding = 4; lastKnownFileType = file.storyboard; path = Main.storyboard; sourceTree = "<group>"; };
		C8D7EA4924171AAD000195AC /* ProfileViewController.swift */ = {isa = PBXFileReference; lastKnownFileType = sourcecode.swift; path = ProfileViewController.swift; sourceTree = "<group>"; };
		C8DD46112446561800623032 /* BalanceChart.swift */ = {isa = PBXFileReference; lastKnownFileType = sourcecode.swift; path = BalanceChart.swift; sourceTree = "<group>"; };
		C8DD461324467B4600623032 /* HomeViewController+TableViewDelegates.swift */ = {isa = PBXFileReference; lastKnownFileType = sourcecode.swift; path = "HomeViewController+TableViewDelegates.swift"; sourceTree = "<group>"; };
		C8E221DF2426D758008624F9 /* GetAccountsResponse.swift */ = {isa = PBXFileReference; lastKnownFileType = sourcecode.swift; path = GetAccountsResponse.swift; sourceTree = "<group>"; };
/* End PBXFileReference section */

/* Begin PBXFrameworksBuildPhase section */
		C8D7EA232416F336000195AC /* Frameworks */ = {
			isa = PBXFrameworksBuildPhase;
			buildActionMask = 2147483647;
			files = (
				88E6559223F1D4C5EC31713B /* Pods_Knot.framework in Frameworks */,
			);
			runOnlyForDeploymentPostprocessing = 0;
		};
/* End PBXFrameworksBuildPhase section */

/* Begin PBXGroup section */
		52410FFDDF7E9826645AA51D /* Pods */ = {
			isa = PBXGroup;
			children = (
				56A52C795C5983EB7FD2594D /* Pods-Knot.debug.xcconfig */,
				7B5DE0AB0712C7CB2F6E7713 /* Pods-Knot.release.xcconfig */,
			);
			path = Pods;
			sourceTree = "<group>";
		};
		BB7454907360854925E5CAF5 /* Frameworks */ = {
			isa = PBXGroup;
			children = (
				C0CCF2BB4FC30F125AC328A0 /* Pods_Knot.framework */,
			);
			name = Frameworks;
			sourceTree = "<group>";
		};
		C805A8B024267D910091180F /* Models */ = {
			isa = PBXGroup;
			children = (
				C805A8B124267DCB0091180F /* Institution.swift */,
				C805A8B32426AC900091180F /* Account.swift */,
				C83EB0C12427D24900FC39E5 /* Balance.swift */,
				C897CBDF242933BD00B2D150 /* Transaction.swift */,
			);
			path = Models;
			sourceTree = "<group>";
		};
		C805A8B52426B4D00091180F /* Responses */ = {
			isa = PBXGroup;
			children = (
				C836F7E8242D7A0800B77515 /* ExchangeTokenResponse.swift */,
				C8E221DF2426D758008624F9 /* GetAccountsResponse.swift */,
				C86EBF0D24296DCB00EE3E27 /* GetTransactionsResponse.swift */,
				C865C6BA243414D50094123A /* GetInstitutionResponse.swift */,
			);
			path = Responses;
			sourceTree = "<group>";
		};
		C810D44324282C5100AEC207 /* Storage */ = {
			isa = PBXGroup;
			children = (
				C810D44724282E6C00AEC207 /* StorageManager.swift */,
			);
			path = Storage;
			sourceTree = "<group>";
		};
		C81EA1292449FA07008E5E12 /* Assets */ = {
			isa = PBXGroup;
			children = (
				C81EA12A2449FA4F008E5E12 /* Screenshots.png */,
			);
			path = Assets;
			sourceTree = "<group>";
		};
		C84BEB68241851310022D84D /* Views */ = {
			isa = PBXGroup;
			children = (
				C89EDF1F24193E460075052D /* AccountCard.swift */,
				C86D5EEE2419A72400D70126 /* AccountCell.swift */,
				C86D5EF02419A74C00D70126 /* TransactionCell.swift */,
				C836F7E6242D6C6D00B77515 /* RecentTransactionCell.swift */,
				C8502E6F241AADA2007A6266 /* TransactionCollectionCell.swift */,
				C8D041BA242E768000C144F3 /* AccountCollectionCell.swift */,
				C8C732962420458500DDBE69 /* ChartSegmentedControl.swift */,
				C86B9FAA24313DB300167CA9 /* NoSelectTextField.swift */,
				C865C6B824340CBA0094123A /* TransactionsHeaderCell.swift */,
				C8C24DFC243BFA1C00E61CEE /* LoadingCell.swift */,
			);
			path = Views;
			sourceTree = "<group>";
		};
		C89EDF1A241939300075052D /* Nibs */ = {
			isa = PBXGroup;
			children = (
				C89EDF1D24193ADF0075052D /* AccountCard.xib */,
				C8502E6D241AA709007A6266 /* TransactionCollectionCell.xib */,
				C836F7E2242D68D000B77515 /* ReachedEndCell.xib */,
				C8049825242E58E300EA61F6 /* AccountCollectionCell.xib */,
				C8C24DFA243BF9D000E61CEE /* LoadingCell.xib */,
			);
			path = Nibs;
			sourceTree = "<group>";
		};
		C8AE6048242588FC00595773 /* API */ = {
			isa = PBXGroup;
			children = (
				C8AE60492425890800595773 /* PlaidAPI.swift */,
				C8AE604B2425899000595773 /* PlaidManager.swift */,
				C805A8B024267D910091180F /* Models */,
				C805A8B52426B4D00091180F /* Responses */,
			);
			path = API;
			sourceTree = "<group>";
		};
		C8B47245241F0BD700E9A85A /* Extensions */ = {
			isa = PBXGroup;
			children = (
				C8B47246241F0C2D00E9A85A /* UIView+FadeAnimation.swift */,
				C82493F6243550130093A209 /* UIImage+Base64Convert.swift */,
				C8176CD92421265C00D1C139 /* UIImage+SolidColour.swift */,
				C83EB0C32427F0F100FC39E5 /* Double+Currency.swift */,
				C8D041BC242E9C0500C144F3 /* UICollectionViewCell+DrawBorder.swift */,
				C8D041C0242EC70500C144F3 /* UIViewController+PlaidDelegate.swift */,
				C8C24DF8243BF24400E61CEE /* UIView+SpinnerView.swift */,
				C86B9FAC243142E400167CA9 /* Date+Helpers.swift */,
				C865C6BC24341CAA0094123A /* UIColor+Hex.swift */,
				C8148D8A243E893200B2C321 /* UIColor+Adjust.swift */,
				C874DE31243E30DF00A77429 /* UITableViewCell+SelectedBackgroundView.swift */,
			);
			path = Extensions;
			sourceTree = "<group>";
		};
		C8D7EA1D2416F336000195AC = {
			isa = PBXGroup;
			children = (
				C8D7EA282416F336000195AC /* Knot */,
				C8D7EA272416F336000195AC /* Products */,
				52410FFDDF7E9826645AA51D /* Pods */,
				C81EA1292449FA07008E5E12 /* Assets */,
				BB7454907360854925E5CAF5 /* Frameworks */,
				C890B973241D96390087FC3E /* Podfile */,
				C8AE60462425864500595773 /* .gitignore */,
			);
			sourceTree = "<group>";
		};
		C8D7EA272416F336000195AC /* Products */ = {
			isa = PBXGroup;
			children = (
				C8D7EA262416F336000195AC /* Knot.app */,
			);
			name = Products;
			sourceTree = "<group>";
		};
		C8D7EA282416F336000195AC /* Knot */ = {
			isa = PBXGroup;
			children = (
				C8D7EA292416F336000195AC /* AppDelegate.swift */,
				C8D7EA2B2416F336000195AC /* SceneDelegate.swift */,
				C8D7EA372416F33D000195AC /* Info.plist */,
				C810D44324282C5100AEC207 /* Storage */,
				C8AE6048242588FC00595773 /* API */,
				C8D7EA482416F5FC000195AC /* Models */,
				C8D7EA3E2416F5E7000195AC /* ViewControllers */,
				C84BEB68241851310022D84D /* Views */,
				C8D7EA412416F5F6000195AC /* Resources */,
			);
			path = Knot;
			sourceTree = "<group>";
		};
		C8D7EA3E2416F5E7000195AC /* ViewControllers */ = {
			isa = PBXGroup;
			children = (
				C8D7EA3F2416F5E7000195AC /* HomeViewController.swift */,
				C8B584B124201A7500DA28D9 /* HomeViewController+BalanceChart.swift */,
				C8DD461324467B4600623032 /* HomeViewController+TableViewDelegates.swift */,
				C8B584B324201C9100DA28D9 /* HomeViewController+Transactions.swift */,
				C8371C812418088600519346 /* AccountDetailsViewController.swift */,
				C8D7EA4924171AAD000195AC /* ProfileViewController.swift */,
				C89EDF212419528C0075052D /* AccountCardViewController.swift */,
				C8AFE36C24327C420085047A /* FilterTransactionsViewController.swift */,
				C836F7E4242D691B00B77515 /* RecentTransactionsViewController.swift */,
				C8CF35F8243CDBD30083C54B /* LaunchViewController.swift */,
				C8CF35F6243CDA1C0083C54B /* GettingStartedViewController.swift */,
			);
			path = ViewControllers;
			sourceTree = "<group>";
		};
		C8D7EA412416F5F6000195AC /* Resources */ = {
			isa = PBXGroup;
			children = (
				C8D7EA442416F5F6000195AC /* Main.storyboard */,
				C8D7EA432416F5F6000195AC /* Assets.xcassets */,
				C8B47245241F0BD700E9A85A /* Extensions */,
				C89EDF1A241939300075052D /* Nibs */,
			);
			path = Resources;
			sourceTree = "<group>";
		};
		C8D7EA482416F5FC000195AC /* Models */ = {
			isa = PBXGroup;
			children = (
				C86D5EEC24199A5200D70126 /* AccountDetailsViewModel.swift */,
				C8D041BE242E9FAA00C144F3 /* AccountDetailsViewModel+DataSources.swift */,
				C86B9FAE2431435100167CA9 /* AccountDetailsViewModel+FilterTransactions.swift */,
				C86AAD382418657B00168D3A /* ProfileViewModel.swift */,
				C8B584AF2420185D00DA28D9 /* BalanceChartDataSet.swift */,
				C865C6B62433E49F0094123A /* AccountFilterItem.swift */,
				C8DD46112446561800623032 /* BalanceChart.swift */,
			);
			path = Models;
			sourceTree = "<group>";
		};
/* End PBXGroup section */

/* Begin PBXNativeTarget section */
		C8D7EA252416F336000195AC /* Knot */ = {
			isa = PBXNativeTarget;
			buildConfigurationList = C8D7EA3A2416F33D000195AC /* Build configuration list for PBXNativeTarget "Knot" */;
			buildPhases = (
				A617945303BAE40BC2379DD8 /* [CP] Check Pods Manifest.lock */,
				C8D7EA222416F336000195AC /* Sources */,
				C8D7EA232416F336000195AC /* Frameworks */,
				C8D7EA242416F336000195AC /* Resources */,
				21F482F9CD90A4B87BCE3F24 /* [CP] Embed Pods Frameworks */,
			);
			buildRules = (
			);
			dependencies = (
			);
			name = Knot;
			productName = Knot;
			productReference = C8D7EA262416F336000195AC /* Knot.app */;
			productType = "com.apple.product-type.application";
		};
/* End PBXNativeTarget section */

/* Begin PBXProject section */
		C8D7EA1E2416F336000195AC /* Project object */ = {
			isa = PBXProject;
			attributes = {
				LastSwiftUpdateCheck = 1130;
				LastUpgradeCheck = 1130;
				ORGANIZATIONNAME = "Jessica Huynh";
				TargetAttributes = {
					C8D7EA252416F336000195AC = {
						CreatedOnToolsVersion = 11.3.1;
					};
				};
			};
			buildConfigurationList = C8D7EA212416F336000195AC /* Build configuration list for PBXProject "Knot" */;
			compatibilityVersion = "Xcode 9.3";
			developmentRegion = en;
			hasScannedForEncodings = 0;
			knownRegions = (
				en,
				Base,
			);
			mainGroup = C8D7EA1D2416F336000195AC;
			productRefGroup = C8D7EA272416F336000195AC /* Products */;
			projectDirPath = "";
			projectRoot = "";
			targets = (
				C8D7EA252416F336000195AC /* Knot */,
			);
		};
/* End PBXProject section */

/* Begin PBXResourcesBuildPhase section */
		C8D7EA242416F336000195AC /* Resources */ = {
			isa = PBXResourcesBuildPhase;
			buildActionMask = 2147483647;
			files = (
				C8049826242E58E300EA61F6 /* AccountCollectionCell.xib in Resources */,
				C8D7EA472416F5F6000195AC /* Main.storyboard in Resources */,
				C8AE60472425864500595773 /* .gitignore in Resources */,
				C890B974241D96390087FC3E /* Podfile in Resources */,
				C8D7EA462416F5F6000195AC /* Assets.xcassets in Resources */,
				C89EDF1E24193ADF0075052D /* AccountCard.xib in Resources */,
				C836F7E3242D68D000B77515 /* ReachedEndCell.xib in Resources */,
				C8C24DFB243BF9D000E61CEE /* LoadingCell.xib in Resources */,
				C8502E6E241AA709007A6266 /* TransactionCollectionCell.xib in Resources */,
			);
			runOnlyForDeploymentPostprocessing = 0;
		};
/* End PBXResourcesBuildPhase section */

/* Begin PBXShellScriptBuildPhase section */
		21F482F9CD90A4B87BCE3F24 /* [CP] Embed Pods Frameworks */ = {
			isa = PBXShellScriptBuildPhase;
			buildActionMask = 2147483647;
			files = (
			);
			inputFileListPaths = (
				"${PODS_ROOT}/Target Support Files/Pods-Knot/Pods-Knot-frameworks-${CONFIGURATION}-input-files.xcfilelist",
			);
			name = "[CP] Embed Pods Frameworks";
			outputFileListPaths = (
				"${PODS_ROOT}/Target Support Files/Pods-Knot/Pods-Knot-frameworks-${CONFIGURATION}-output-files.xcfilelist",
			);
			runOnlyForDeploymentPostprocessing = 0;
			shellPath = /bin/sh;
			shellScript = "\"${PODS_ROOT}/Target Support Files/Pods-Knot/Pods-Knot-frameworks.sh\"\n";
			showEnvVarsInLog = 0;
		};
		A617945303BAE40BC2379DD8 /* [CP] Check Pods Manifest.lock */ = {
			isa = PBXShellScriptBuildPhase;
			buildActionMask = 2147483647;
			files = (
			);
			inputFileListPaths = (
			);
			inputPaths = (
				"${PODS_PODFILE_DIR_PATH}/Podfile.lock",
				"${PODS_ROOT}/Manifest.lock",
			);
			name = "[CP] Check Pods Manifest.lock";
			outputFileListPaths = (
			);
			outputPaths = (
				"$(DERIVED_FILE_DIR)/Pods-Knot-checkManifestLockResult.txt",
			);
			runOnlyForDeploymentPostprocessing = 0;
			shellPath = /bin/sh;
			shellScript = "diff \"${PODS_PODFILE_DIR_PATH}/Podfile.lock\" \"${PODS_ROOT}/Manifest.lock\" > /dev/null\nif [ $? != 0 ] ; then\n    # print error to STDERR\n    echo \"error: The sandbox is not in sync with the Podfile.lock. Run 'pod install' or update your CocoaPods installation.\" >&2\n    exit 1\nfi\n# This output is used by Xcode 'outputs' to avoid re-running this script phase.\necho \"SUCCESS\" > \"${SCRIPT_OUTPUT_FILE_0}\"\n";
			showEnvVarsInLog = 0;
		};
/* End PBXShellScriptBuildPhase section */

/* Begin PBXSourcesBuildPhase section */
		C8D7EA222416F336000195AC /* Sources */ = {
			isa = PBXSourcesBuildPhase;
			buildActionMask = 2147483647;
			files = (
				C8AE604A2425890800595773 /* PlaidAPI.swift in Sources */,
				C805A8B42426AC900091180F /* Account.swift in Sources */,
				C8C24DFD243BFA1C00E61CEE /* LoadingCell.swift in Sources */,
				C865C6B924340CBA0094123A /* TransactionsHeaderCell.swift in Sources */,
				C89EDF222419528C0075052D /* AccountCardViewController.swift in Sources */,
				C86B9FAF2431435100167CA9 /* AccountDetailsViewModel+FilterTransactions.swift in Sources */,
				C810D44824282E6C00AEC207 /* StorageManager.swift in Sources */,
				C86D5EF12419A74C00D70126 /* TransactionCell.swift in Sources */,
				C874DE32243E30DF00A77429 /* UITableViewCell+SelectedBackgroundView.swift in Sources */,
				C8D041BD242E9C0500C144F3 /* UICollectionViewCell+DrawBorder.swift in Sources */,
				C86AAD392418657B00168D3A /* ProfileViewModel.swift in Sources */,
				C836F7E5242D691B00B77515 /* RecentTransactionsViewController.swift in Sources */,
				C8D041BB242E768000C144F3 /* AccountCollectionCell.swift in Sources */,
				C8D7EA402416F5E7000195AC /* HomeViewController.swift in Sources */,
				C836F7E9242D7A0800B77515 /* ExchangeTokenResponse.swift in Sources */,
				C8D041C1242EC70500C144F3 /* UIViewController+PlaidDelegate.swift in Sources */,
				C86D5EED24199A5300D70126 /* AccountDetailsViewModel.swift in Sources */,
				C805A8B224267DCB0091180F /* Institution.swift in Sources */,
				C8D041BF242E9FAA00C144F3 /* AccountDetailsViewModel+DataSources.swift in Sources */,
				C8176CDA2421265C00D1C139 /* UIImage+SolidColour.swift in Sources */,
				C86B9FAD243142E400167CA9 /* Date+Helpers.swift in Sources */,
				C8D7EA2A2416F336000195AC /* AppDelegate.swift in Sources */,
				C8D7EA4A24171AAD000195AC /* ProfileViewController.swift in Sources */,
				C8C732972420458500DDBE69 /* ChartSegmentedControl.swift in Sources */,
				C8148D8B243E893200B2C321 /* UIColor+Adjust.swift in Sources */,
				C8AE604C2425899000595773 /* PlaidManager.swift in Sources */,
				C86D5EEF2419A72400D70126 /* AccountCell.swift in Sources */,
				C8AFE36D24327C420085047A /* FilterTransactionsViewController.swift in Sources */,
				C8B584B224201A7500DA28D9 /* HomeViewController+BalanceChart.swift in Sources */,
				C8502E70241AADA2007A6266 /* TransactionCollectionCell.swift in Sources */,
				C83EB0C22427D24900FC39E5 /* Balance.swift in Sources */,
				C8371C822418088600519346 /* AccountDetailsViewController.swift in Sources */,
				C8B584B02420185D00DA28D9 /* BalanceChartDataSet.swift in Sources */,
				C8CF35F9243CDBD30083C54B /* LaunchViewController.swift in Sources */,
				C8DD461424467B4600623032 /* HomeViewController+TableViewDelegates.swift in Sources */,
				C8C24DF9243BF24400E61CEE /* UIView+SpinnerView.swift in Sources */,
				C865C6BD24341CAB0094123A /* UIColor+Hex.swift in Sources */,
				C83EB0C42427F0F100FC39E5 /* Double+Currency.swift in Sources */,
				C82493F7243550130093A209 /* UIImage+Base64Convert.swift in Sources */,
				C8D7EA2C2416F336000195AC /* SceneDelegate.swift in Sources */,
				C8B47247241F0C2D00E9A85A /* UIView+FadeAnimation.swift in Sources */,
				C8B584B424201C9100DA28D9 /* HomeViewController+Transactions.swift in Sources */,
				C86EBF0E24296DCB00EE3E27 /* GetTransactionsResponse.swift in Sources */,
				C8CF35F7243CDA1C0083C54B /* GettingStartedViewController.swift in Sources */,
				C897CBE0242933BD00B2D150 /* Transaction.swift in Sources */,
				C86B9FAB24313DB400167CA9 /* NoSelectTextField.swift in Sources */,
				C836F7E7242D6C6D00B77515 /* RecentTransactionCell.swift in Sources */,
				C865C6B72433E49F0094123A /* AccountFilterItem.swift in Sources */,
				C8E221E02426D758008624F9 /* GetAccountsResponse.swift in Sources */,
				C8DD46122446561800623032 /* BalanceChart.swift in Sources */,
				C865C6BB243414D50094123A /* GetInstitutionResponse.swift in Sources */,
				C89EDF2024193E460075052D /* AccountCard.swift in Sources */,
			);
			runOnlyForDeploymentPostprocessing = 0;
		};
/* End PBXSourcesBuildPhase section */

/* Begin XCBuildConfiguration section */
		C8D7EA382416F33D000195AC /* Debug */ = {
			isa = XCBuildConfiguration;
			buildSettings = {
				ALWAYS_SEARCH_USER_PATHS = NO;
				CLANG_ANALYZER_NONNULL = YES;
				CLANG_ANALYZER_NUMBER_OBJECT_CONVERSION = YES_AGGRESSIVE;
				CLANG_CXX_LANGUAGE_STANDARD = "gnu++14";
				CLANG_CXX_LIBRARY = "libc++";
				CLANG_ENABLE_MODULES = YES;
				CLANG_ENABLE_OBJC_ARC = YES;
				CLANG_ENABLE_OBJC_WEAK = YES;
				CLANG_WARN_BLOCK_CAPTURE_AUTORELEASING = YES;
				CLANG_WARN_BOOL_CONVERSION = YES;
				CLANG_WARN_COMMA = YES;
				CLANG_WARN_CONSTANT_CONVERSION = YES;
				CLANG_WARN_DEPRECATED_OBJC_IMPLEMENTATIONS = YES;
				CLANG_WARN_DIRECT_OBJC_ISA_USAGE = YES_ERROR;
				CLANG_WARN_DOCUMENTATION_COMMENTS = YES;
				CLANG_WARN_EMPTY_BODY = YES;
				CLANG_WARN_ENUM_CONVERSION = YES;
				CLANG_WARN_INFINITE_RECURSION = YES;
				CLANG_WARN_INT_CONVERSION = YES;
				CLANG_WARN_NON_LITERAL_NULL_CONVERSION = YES;
				CLANG_WARN_OBJC_IMPLICIT_RETAIN_SELF = YES;
				CLANG_WARN_OBJC_LITERAL_CONVERSION = YES;
				CLANG_WARN_OBJC_ROOT_CLASS = YES_ERROR;
				CLANG_WARN_RANGE_LOOP_ANALYSIS = YES;
				CLANG_WARN_STRICT_PROTOTYPES = YES;
				CLANG_WARN_SUSPICIOUS_MOVE = YES;
				CLANG_WARN_UNGUARDED_AVAILABILITY = YES_AGGRESSIVE;
				CLANG_WARN_UNREACHABLE_CODE = YES;
				CLANG_WARN__DUPLICATE_METHOD_MATCH = YES;
				COPY_PHASE_STRIP = NO;
				DEBUG_INFORMATION_FORMAT = dwarf;
				ENABLE_STRICT_OBJC_MSGSEND = YES;
				ENABLE_TESTABILITY = YES;
				GCC_C_LANGUAGE_STANDARD = gnu11;
				GCC_DYNAMIC_NO_PIC = NO;
				GCC_NO_COMMON_BLOCKS = YES;
				GCC_OPTIMIZATION_LEVEL = 0;
				GCC_PREPROCESSOR_DEFINITIONS = (
					"DEBUG=1",
					"$(inherited)",
				);
				GCC_WARN_64_TO_32_BIT_CONVERSION = YES;
				GCC_WARN_ABOUT_RETURN_TYPE = YES_ERROR;
				GCC_WARN_UNDECLARED_SELECTOR = YES;
				GCC_WARN_UNINITIALIZED_AUTOS = YES_AGGRESSIVE;
				GCC_WARN_UNUSED_FUNCTION = YES;
				GCC_WARN_UNUSED_VARIABLE = YES;
				IPHONEOS_DEPLOYMENT_TARGET = 13.2;
				MTL_ENABLE_DEBUG_INFO = INCLUDE_SOURCE;
				MTL_FAST_MATH = YES;
				ONLY_ACTIVE_ARCH = YES;
				SDKROOT = iphoneos;
				SWIFT_ACTIVE_COMPILATION_CONDITIONS = DEBUG;
				SWIFT_OPTIMIZATION_LEVEL = "-Onone";
			};
			name = Debug;
		};
		C8D7EA392416F33D000195AC /* Release */ = {
			isa = XCBuildConfiguration;
			buildSettings = {
				ALWAYS_SEARCH_USER_PATHS = NO;
				CLANG_ANALYZER_NONNULL = YES;
				CLANG_ANALYZER_NUMBER_OBJECT_CONVERSION = YES_AGGRESSIVE;
				CLANG_CXX_LANGUAGE_STANDARD = "gnu++14";
				CLANG_CXX_LIBRARY = "libc++";
				CLANG_ENABLE_MODULES = YES;
				CLANG_ENABLE_OBJC_ARC = YES;
				CLANG_ENABLE_OBJC_WEAK = YES;
				CLANG_WARN_BLOCK_CAPTURE_AUTORELEASING = YES;
				CLANG_WARN_BOOL_CONVERSION = YES;
				CLANG_WARN_COMMA = YES;
				CLANG_WARN_CONSTANT_CONVERSION = YES;
				CLANG_WARN_DEPRECATED_OBJC_IMPLEMENTATIONS = YES;
				CLANG_WARN_DIRECT_OBJC_ISA_USAGE = YES_ERROR;
				CLANG_WARN_DOCUMENTATION_COMMENTS = YES;
				CLANG_WARN_EMPTY_BODY = YES;
				CLANG_WARN_ENUM_CONVERSION = YES;
				CLANG_WARN_INFINITE_RECURSION = YES;
				CLANG_WARN_INT_CONVERSION = YES;
				CLANG_WARN_NON_LITERAL_NULL_CONVERSION = YES;
				CLANG_WARN_OBJC_IMPLICIT_RETAIN_SELF = YES;
				CLANG_WARN_OBJC_LITERAL_CONVERSION = YES;
				CLANG_WARN_OBJC_ROOT_CLASS = YES_ERROR;
				CLANG_WARN_RANGE_LOOP_ANALYSIS = YES;
				CLANG_WARN_STRICT_PROTOTYPES = YES;
				CLANG_WARN_SUSPICIOUS_MOVE = YES;
				CLANG_WARN_UNGUARDED_AVAILABILITY = YES_AGGRESSIVE;
				CLANG_WARN_UNREACHABLE_CODE = YES;
				CLANG_WARN__DUPLICATE_METHOD_MATCH = YES;
				COPY_PHASE_STRIP = NO;
				DEBUG_INFORMATION_FORMAT = "dwarf-with-dsym";
				ENABLE_NS_ASSERTIONS = NO;
				ENABLE_STRICT_OBJC_MSGSEND = YES;
				GCC_C_LANGUAGE_STANDARD = gnu11;
				GCC_NO_COMMON_BLOCKS = YES;
				GCC_WARN_64_TO_32_BIT_CONVERSION = YES;
				GCC_WARN_ABOUT_RETURN_TYPE = YES_ERROR;
				GCC_WARN_UNDECLARED_SELECTOR = YES;
				GCC_WARN_UNINITIALIZED_AUTOS = YES_AGGRESSIVE;
				GCC_WARN_UNUSED_FUNCTION = YES;
				GCC_WARN_UNUSED_VARIABLE = YES;
				IPHONEOS_DEPLOYMENT_TARGET = 13.2;
				MTL_ENABLE_DEBUG_INFO = NO;
				MTL_FAST_MATH = YES;
				SDKROOT = iphoneos;
				SWIFT_COMPILATION_MODE = wholemodule;
				SWIFT_OPTIMIZATION_LEVEL = "-O";
				VALIDATE_PRODUCT = YES;
			};
			name = Release;
		};
		C8D7EA3B2416F33D000195AC /* Debug */ = {
			isa = XCBuildConfiguration;
			baseConfigurationReference = 56A52C795C5983EB7FD2594D /* Pods-Knot.debug.xcconfig */;
			buildSettings = {
				ASSETCATALOG_COMPILER_APPICON_NAME = AppIcon;
				CODE_SIGN_STYLE = Automatic;
				DEVELOPMENT_TEAM = S89MQ55VCY;
				INFOPLIST_FILE = Knot/Info.plist;
				LD_RUNPATH_SEARCH_PATHS = (
					"$(inherited)",
					"@executable_path/Frameworks",
				);
				PRODUCT_BUNDLE_IDENTIFIER = com.JessicaHuynh.Knot;
				PRODUCT_NAME = "$(TARGET_NAME)";
				SWIFT_VERSION = 5.0;
				TARGETED_DEVICE_FAMILY = 1;
			};
			name = Debug;
		};
		C8D7EA3C2416F33D000195AC /* Release */ = {
			isa = XCBuildConfiguration;
			baseConfigurationReference = 7B5DE0AB0712C7CB2F6E7713 /* Pods-Knot.release.xcconfig */;
			buildSettings = {
				ASSETCATALOG_COMPILER_APPICON_NAME = AppIcon;
				CODE_SIGN_STYLE = Automatic;
				DEVELOPMENT_TEAM = S89MQ55VCY;
				INFOPLIST_FILE = Knot/Info.plist;
				LD_RUNPATH_SEARCH_PATHS = (
					"$(inherited)",
					"@executable_path/Frameworks",
				);
				PRODUCT_BUNDLE_IDENTIFIER = com.JessicaHuynh.Knot;
				PRODUCT_NAME = "$(TARGET_NAME)";
				SWIFT_VERSION = 5.0;
				TARGETED_DEVICE_FAMILY = 1;
			};
			name = Release;
		};
/* End XCBuildConfiguration section */

/* Begin XCConfigurationList section */
		C8D7EA212416F336000195AC /* Build configuration list for PBXProject "Knot" */ = {
			isa = XCConfigurationList;
			buildConfigurations = (
				C8D7EA382416F33D000195AC /* Debug */,
				C8D7EA392416F33D000195AC /* Release */,
			);
			defaultConfigurationIsVisible = 0;
			defaultConfigurationName = Release;
		};
		C8D7EA3A2416F33D000195AC /* Build configuration list for PBXNativeTarget "Knot" */ = {
			isa = XCConfigurationList;
			buildConfigurations = (
				C8D7EA3B2416F33D000195AC /* Debug */,
				C8D7EA3C2416F33D000195AC /* Release */,
			);
			defaultConfigurationIsVisible = 0;
			defaultConfigurationName = Release;
		};
/* End XCConfigurationList section */
	};
	rootObject = C8D7EA1E2416F336000195AC /* Project object */;
}
